
Microsoft Visual Studio Solution File, Format Version 12.00
# Visual Studio Version 16
VisualStudioVersion = 16.0.32929.386
MinimumVisualStudioVersion = 10.0.40219.1
Project("{FAE04EC0-301F-11D3-BF4B-00C04F79EFBC}") = "WindowsService1", "WindowsService1\WindowsService1.csproj", "{B63EE554-F7A1-4E1A-93F3-183D0661D481}"
EndProject
Global
	GlobalSection(SolutionConfigurationPlatforms) = preSolution
		Debug|Any CPU = Debug|Any CPU
		Release|Any CPU = Release|Any CPU
	EndGlobalSection
	GlobalSection(ProjectConfigurationPlatforms) = postSolution
		{B63EE554-F7A1-4E1A-93F3-183D0661D481}.Debug|Any CPU.ActiveCfg = Debug|Any CPU
		{B63EE554-F7A1-4E1A-93F3-183D0661D481}.Debug|Any CPU.Build.0 = Debug|Any CPU
		{B63EE554-F7A1-4E1A-93F3-183D0661D481}.Release|Any CPU.ActiveCfg = Release|Any CPU
		{B63EE554-F7A1-4E1A-93F3-183D0661D481}.Release|Any CPU.Build.0 = Release|Any CPU
	EndGlobalSection
	GlobalSection(SolutionProperties) = preSolution
		HideSolutionNode = FALSE
	EndGlobalSection
	GlobalSection(ExtensibilityGlobals) = postSolution
		SolutionGuid = {19E2ACB9-AD92-4375-A0D1-118F009BCA59}
	EndGlobalSection
EndGlobal
