
Microsoft Visual Studio Solution File, Format Version 12.00
# Visual Studio Version 16
VisualStudioVersion = 16.0.32929.386
MinimumVisualStudioVersion = 10.0.40219.1
Project("{FAE04EC0-301F-11D3-BF4B-00C04F79EFBC}") = "ServiceManager", "ServiceManager\ServiceManager.csproj", "{B2CB24B9-0CD6-4FD7-862A-B1FAA6B153A6}"
EndProject
Global
	GlobalSection(SolutionConfigurationPlatforms) = preSolution
		Debug|Any CPU = Debug|Any CPU
		Release|Any CPU = Release|Any CPU
	EndGlobalSection
	GlobalSection(ProjectConfigurationPlatforms) = postSolution
		{B2CB24B9-0CD6-4FD7-862A-B1FAA6B153A6}.Debug|Any CPU.ActiveCfg = Debug|Any CPU
		{B2CB24B9-0CD6-4FD7-862A-B1FAA6B153A6}.Debug|Any CPU.Build.0 = Debug|Any CPU
		{B2CB24B9-0CD6-4FD7-862A-B1FAA6B153A6}.Release|Any CPU.ActiveCfg = Release|Any CPU
		{B2CB24B9-0CD6-4FD7-862A-B1FAA6B153A6}.Release|Any CPU.Build.0 = Release|Any CPU
	EndGlobalSection
	GlobalSection(SolutionProperties) = preSolution
		HideSolutionNode = FALSE
	EndGlobalSection
	GlobalSection(ExtensibilityGlobals) = postSolution
		SolutionGuid = {D12AB89F-B7B3-4C8E-81D7-4D82775147D3}
	EndGlobalSection
EndGlobal
